
Microsoft Visual Studio Solution File, Format Version 12.00
# Visual Studio Version 17
VisualStudioVersion = 17.5.002.0
MinimumVisualStudioVersion = 10.0.40219.1
Project("{9A19103F-16F7-4668-BE54-9A1E7A4F7556}") = "ConsoleApp1", "ConsoleApp1.csproj", "{CD7B81EF-979F-4A74-BF96-F9FD8B176EA2}"
EndProject
Global
	GlobalSection(SolutionConfigurationPlatforms) = preSolution
		Debug|Any CPU = Debug|Any CPU
		Release|Any CPU = Release|Any CPU
	EndGlobalSection
	GlobalSection(ProjectConfigurationPlatforms) = postSolution
		{CD7B81EF-979F-4A74-BF96-F9FD8B176EA2}.Debug|Any CPU.ActiveCfg = Debug|Any CPU
		{CD7B81EF-979F-4A74-BF96-F9FD8B176EA2}.Debug|Any CPU.Build.0 = Debug|Any CPU
		{CD7B81EF-979F-4A74-BF96-F9FD8B176EA2}.Release|Any CPU.ActiveCfg = Release|Any CPU
		{CD7B81EF-979F-4A74-BF96-F9FD8B176EA2}.Release|Any CPU.Build.0 = Release|Any CPU
	EndGlobalSection
	GlobalSection(SolutionProperties) = preSolution
		HideSolutionNode = FALSE
	EndGlobalSection
	GlobalSection(ExtensibilityGlobals) = postSolution
		SolutionGuid = {05B395C5-0547-4D3B-A76E-C2FDDE61F529}
	EndGlobalSection
EndGlobal
